// !$*UTF8*$!
{
	archiveVersion = 1;
	classes = {
	};
	objectVersion = 46;
	objects = {

/* Begin PBXBuildFile section */
		6E2690F31C1C3B59000ABA16 /* main.m in Sources */ = {isa = PBXBuildFile; fileRef = 6E2690F21C1C3B59000ABA16 /* main.m */; };
		6E2690F61C1C3B59000ABA16 /* AppDelegate.m in Sources */ = {isa = PBXBuildFile; fileRef = 6E2690F51C1C3B59000ABA16 /* AppDelegate.m */; };
		6E2690F91C1C3B59000ABA16 /* ViewController.m in Sources */ = {isa = PBXBuildFile; fileRef = 6E2690F81C1C3B59000ABA16 /* ViewController.m */; };
		6E2690FC1C1C3B59000ABA16 /* Main.storyboard in Resources */ = {isa = PBXBuildFile; fileRef = 6E2690FA1C1C3B59000ABA16 /* Main.storyboard */; };
		6E2690FE1C1C3B59000ABA16 /* Assets.xcassets in Resources */ = {isa = PBXBuildFile; fileRef = 6E2690FD1C1C3B59000ABA16 /* Assets.xcassets */; };
		6E2691011C1C3B59000ABA16 /* LaunchScreen.storyboard in Resources */ = {isa = PBXBuildFile; fileRef = 6E2690FF1C1C3B59000ABA16 /* LaunchScreen.storyboard */; };
		6E26910C1C1C3B59000ABA16 /* sj__Tests.m in Sources */ = {isa = PBXBuildFile; fileRef = 6E26910B1C1C3B59000ABA16 /* sj__Tests.m */; };
		6E2691171C1C3B59000ABA16 /* sj__UITests.m in Sources */ = {isa = PBXBuildFile; fileRef = 6E2691161C1C3B59000ABA16 /* sj__UITests.m */; };
/* End PBXBuildFile section */

/* Begin PBXContainerItemProxy section */
		6E2691081C1C3B59000ABA16 /* PBXContainerItemProxy */ = {
			isa = PBXContainerItemProxy;
			containerPortal = 6E2690E61C1C3B59000ABA16 /* Project object */;
			proxyType = 1;
			remoteGlobalIDString = 6E2690ED1C1C3B59000ABA16;
			remoteInfo = "sj公交";
		};
		6E2691131C1C3B59000ABA16 /* PBXContainerItemProxy */ = {
			isa = PBXContainerItemProxy;
			containerPortal = 6E2690E61C1C3B59000ABA16 /* Project object */;
			proxyType = 1;
			remoteGlobalIDString = 6E2690ED1C1C3B59000ABA16;
			remoteInfo = "sj公交";
		};
/* End PBXContainerItemProxy section */

/* Begin PBXFileReference section */
		6E2690EE1C1C3B59000ABA16 /* sj公交.app */ = {isa = PBXFileReference; explicitFileType = wrapper.application; includeInIndex = 0; path = "sj公交.app"; sourceTree = BUILT_PRODUCTS_DIR; };
		6E2690F21C1C3B59000ABA16 /* main.m */ = {isa = PBXFileReference; lastKnownFileType = sourcecode.c.objc; path = main.m; sourceTree = "<group>"; };
		6E2690F41C1C3B59000ABA16 /* AppDelegate.h */ = {isa = PBXFileReference; lastKnownFileType = sourcecode.c.h; path = AppDelegate.h; sourceTree = "<group>"; };
		6E2690F51C1C3B59000ABA16 /* AppDelegate.m */ = {isa = PBXFileReference; lastKnownFileType = sourcecode.c.objc; path = AppDelegate.m; sourceTree = "<group>"; };
		6E2690F71C1C3B59000ABA16 /* ViewController.h */ = {isa = PBXFileReference; lastKnownFileType = sourcecode.c.h; path = ViewController.h; sourceTree = "<group>"; };
		6E2690F81C1C3B59000ABA16 /* ViewController.m */ = {isa = PBXFileReference; lastKnownFileType = sourcecode.c.objc; path = ViewController.m; sourceTree = "<group>"; };
		6E2690FB1C1C3B59000ABA16 /* Base */ = {isa = PBXFileReference; lastKnownFileType = file.storyboard; name = Base; path = Base.lproj/Main.storyboard; sourceTree = "<group>"; };
		6E2690FD1C1C3B59000ABA16 /* Assets.xcassets */ = {isa = PBXFileReference; lastKnownFileType = folder.assetcatalog; path = Assets.xcassets; sourceTree = "<group>"; };
		6E2691001C1C3B59000ABA16 /* Base */ = {isa = PBXFileReference; lastKnownFileType = file.storyboard; name = Base; path = Base.lproj/LaunchScreen.storyboard; sourceTree = "<group>"; };
		6E2691021C1C3B59000ABA16 /* Info.plist */ = {isa = PBXFileReference; lastKnownFileType = text.plist.xml; path = Info.plist; sourceTree = "<group>"; };
		6E2691071C1C3B59000ABA16 /* sj公交Tests.xctest */ = {isa = PBXFileReference; explicitFileType = wrapper.cfbundle; includeInIndex = 0; path = "sj公交Tests.xctest"; sourceTree = BUILT_PRODUCTS_DIR; };
		6E26910B1C1C3B59000ABA16 /* sj__Tests.m */ = {isa = PBXFileReference; lastKnownFileType = sourcecode.c.objc; path = sj__Tests.m; sourceTree = "<group>"; };
		6E26910D1C1C3B59000ABA16 /* Info.plist */ = {isa = PBXFileReference; lastKnownFileType = text.plist.xml; path = Info.plist; sourceTree = "<group>"; };
		6E2691121C1C3B59000ABA16 /* sj公交UITests.xctest */ = {isa = PBXFileReference; explicitFileType = wrapper.cfbundle; includeInIndex = 0; path = "sj公交UITests.xctest"; sourceTree = BUILT_PRODUCTS_DIR; };
		6E2691161C1C3B59000ABA16 /* sj__UITests.m */ = {isa = PBXFileReference; lastKnownFileType = sourcecode.c.objc; path = sj__UITests.m; sourceTree = "<group>"; };
		6E2691181C1C3B59000ABA16 /* Info.plist */ = {isa = PBXFileReference; lastKnownFileType = text.plist.xml; path = Info.plist; sourceTree = "<group>"; };
/* End PBXFileReference section */

/* Begin PBXFrameworksBuildPhase section */
		6E2690EB1C1C3B59000ABA16 /* Frameworks */ = {
			isa = PBXFrameworksBuildPhase;
			buildActionMask = 2147483647;
			files = (
			);
			runOnlyForDeploymentPostprocessing = 0;
		};
		6E2691041C1C3B59000ABA16 /* Frameworks */ = {
			isa = PBXFrameworksBuildPhase;
			buildActionMask = 2147483647;
			files = (
			);
			runOnlyForDeploymentPostprocessing = 0;
		};
		6E26910F1C1C3B59000ABA16 /* Frameworks */ = {
			isa = PBXFrameworksBuildPhase;
			buildActionMask = 2147483647;
			files = (
			);
			runOnlyForDeploymentPostprocessing = 0;
		};
/* End PBXFrameworksBuildPhase section */

/* Begin PBXGroup section */
		6E2690E51C1C3B59000ABA16 = {
			isa = PBXGroup;
			children = (
				6E2690F01C1C3B59000ABA16 /* sj公交 */,
				6E26910A1C1C3B59000ABA16 /* sj公交Tests */,
				6E2691151C1C3B59000ABA16 /* sj公交UITests */,
				6E2690EF1C1C3B59000ABA16 /* Products */,
			);
			sourceTree = "<group>";
		};
		6E2690EF1C1C3B59000ABA16 /* Products */ = {
			isa = PBXGroup;
			children = (
				6E2690EE1C1C3B59000ABA16 /* sj公交.app */,
				6E2691071C1C3B59000ABA16 /* sj公交Tests.xctest */,
				6E2691121C1C3B59000ABA16 /* sj公交UITests.xctest */,
			);
			name = Products;
			sourceTree = "<group>";
		};
		6E2690F01C1C3B59000ABA16 /* sj公交 */ = {
			isa = PBXGroup;
			children = (
				6E2690F41C1C3B59000ABA16 /* AppDelegate.h */,
				6E2690F51C1C3B59000ABA16 /* AppDelegate.m */,
				6E2690F71C1C3B59000ABA16 /* ViewController.h */,
				6E2690F81C1C3B59000ABA16 /* ViewController.m */,
				6E2690FA1C1C3B59000ABA16 /* Main.storyboard */,
				6E2690FD1C1C3B59000ABA16 /* Assets.xcassets */,
				6E2690FF1C1C3B59000ABA16 /* LaunchScreen.storyboard */,
				6E2691021C1C3B59000ABA16 /* Info.plist */,
				6E2690F11C1C3B59000ABA16 /* Supporting Files */,
			);
			path = "sj公交";
			sourceTree = "<group>";
		};
		6E2690F11C1C3B59000ABA16 /* Supporting Files */ = {
			isa = PBXGroup;
			children = (
				6E2690F21C1C3B59000ABA16 /* main.m */,
			);
			name = "Supporting Files";
			sourceTree = "<group>";
		};
		6E26910A1C1C3B59000ABA16 /* sj公交Tests */ = {
			isa = PBXGroup;
			children = (
				6E26910B1C1C3B59000ABA16 /* sj__Tests.m */,
				6E26910D1C1C3B59000ABA16 /* Info.plist */,
			);
			path = "sj公交Tests";
			sourceTree = "<group>";
		};
		6E2691151C1C3B59000ABA16 /* sj公交UITests */ = {
			isa = PBXGroup;
			children = (
				6E2691161C1C3B59000ABA16 /* sj__UITests.m */,
				6E2691181C1C3B59000ABA16 /* Info.plist */,
			);
			path = "sj公交UITests";
			sourceTree = "<group>";
		};
/* End PBXGroup section */

/* Begin PBXNativeTarget section */
		6E2690ED1C1C3B59000ABA16 /* sj公交 */ = {
			isa = PBXNativeTarget;
			buildConfigurationList = 6E26911B1C1C3B59000ABA16 /* Build configuration list for PBXNativeTarget "sj公交" */;
			buildPhases = (
				6E2690EA1C1C3B59000ABA16 /* Sources */,
				6E2690EB1C1C3B59000ABA16 /* Frameworks */,
				6E2690EC1C1C3B59000ABA16 /* Resources */,
			);
			buildRules = (
			);
			dependencies = (
			);
			name = "sj公交";
			productName = "sj公交";
			productReference = 6E2690EE1C1C3B59000ABA16 /* sj公交.app */;
			productType = "com.apple.product-type.application";
		};
		6E2691061C1C3B59000ABA16 /* sj公交Tests */ = {
			isa = PBXNativeTarget;
			buildConfigurationList = 6E26911E1C1C3B59000ABA16 /* Build configuration list for PBXNativeTarget "sj公交Tests" */;
			buildPhases = (
				6E2691031C1C3B59000ABA16 /* Sources */,
				6E2691041C1C3B59000ABA16 /* Frameworks */,
				6E2691051C1C3B59000ABA16 /* Resources */,
			);
			buildRules = (
			);
			dependencies = (
				6E2691091C1C3B59000ABA16 /* PBXTargetDependency */,
			);
			name = "sj公交Tests";
			productName = "sj公交Tests";
			productReference = 6E2691071C1C3B59000ABA16 /* sj公交Tests.xctest */;
			productType = "com.apple.product-type.bundle.unit-test";
		};
		6E2691111C1C3B59000ABA16 /* sj公交UITests */ = {
			isa = PBXNativeTarget;
			buildConfigurationList = 6E2691211C1C3B59000ABA16 /* Build configuration list for PBXNativeTarget "sj公交UITests" */;
			buildPhases = (
				6E26910E1C1C3B59000ABA16 /* Sources */,
				6E26910F1C1C3B59000ABA16 /* Frameworks */,
				6E2691101C1C3B59000ABA16 /* Resources */,
			);
			buildRules = (
			);
			dependencies = (
				6E2691141C1C3B59000ABA16 /* PBXTargetDependency */,
			);
			name = "sj公交UITests";
			productName = "sj公交UITests";
			productReference = 6E2691121C1C3B59000ABA16 /* sj公交UITests.xctest */;
			productType = "com.apple.product-type.bundle.ui-testing";
		};
/* End PBXNativeTarget section */

/* Begin PBXProject section */
		6E2690E61C1C3B59000ABA16 /* Project object */ = {
			isa = PBXProject;
			attributes = {
				LastUpgradeCheck = 0710;
				ORGANIZATIONNAME = ccl;
				TargetAttributes = {
					6E2690ED1C1C3B59000ABA16 = {
						CreatedOnToolsVersion = 7.1;
					};
					6E2691061C1C3B59000ABA16 = {
						CreatedOnToolsVersion = 7.1;
						TestTargetID = 6E2690ED1C1C3B59000ABA16;
					};
					6E2691111C1C3B59000ABA16 = {
						CreatedOnToolsVersion = 7.1;
						TestTargetID = 6E2690ED1C1C3B59000ABA16;
					};
				};
			};
			buildConfigurationList = 6E2690E91C1C3B59000ABA16 /* Build configuration list for PBXProject "sj公交" */;
			compatibilityVersion = "Xcode 3.2";
			developmentRegion = English;
			hasScannedForEncodings = 0;
			knownRegions = (
				en,
				Base,
			);
			mainGroup = 6E2690E51C1C3B59000ABA16;
			productRefGroup = 6E2690EF1C1C3B59000ABA16 /* Products */;
			projectDirPath = "";
			projectRoot = "";
			targets = (
				6E2690ED1C1C3B59000ABA16 /* sj公交 */,
				6E2691061C1C3B59000ABA16 /* sj公交Tests */,
				6E2691111C1C3B59000ABA16 /* sj公交UITests */,
			);
		};
/* End PBXProject section */

/* Begin PBXResourcesBuildPhase section */
		6E2690EC1C1C3B59000ABA16 /* Resources */ = {
			isa = PBXResourcesBuildPhase;
			buildActionMask = 2147483647;
			files = (
				6E2691011C1C3B59000ABA16 /* LaunchScreen.storyboard in Resources */,
				6E2690FE1C1C3B59000ABA16 /* Assets.xcassets in Resources */,
				6E2690FC1C1C3B59000ABA16 /* Main.storyboard in Resources */,
			);
			runOnlyForDeploymentPostprocessing = 0;
		};
		6E2691051C1C3B59000ABA16 /* Resources */ = {
			isa = PBXResourcesBuildPhase;
			buildActionMask = 2147483647;
			files = (
			);
			runOnlyForDeploymentPostprocessing = 0;
		};
		6E2691101C1C3B59000ABA16 /* Resources */ = {
			isa = PBXResourcesBuildPhase;
			buildActionMask = 2147483647;
			files = (
			);
			runOnlyForDeploymentPostprocessing = 0;
		};
/* End PBXResourcesBuildPhase section */

/* Begin PBXSourcesBuildPhase section */
		6E2690EA1C1C3B59000ABA16 /* Sources */ = {
			isa = PBXSourcesBuildPhase;
			buildActionMask = 2147483647;
			files = (
				6E2690F91C1C3B59000ABA16 /* ViewController.m in Sources */,
				6E2690F61C1C3B59000ABA16 /* AppDelegate.m in Sources */,
				6E2690F31C1C3B59000ABA16 /* main.m in Sources */,
			);
			runOnlyForDeploymentPostprocessing = 0;
		};
		6E2691031C1C3B59000ABA16 /* Sources */ = {
			isa = PBXSourcesBuildPhase;
			buildActionMask = 2147483647;
			files = (
				6E26910C1C1C3B59000ABA16 /* sj__Tests.m in Sources */,
			);
			runOnlyForDeploymentPostprocessing = 0;
		};
		6E26910E1C1C3B59000ABA16 /* Sources */ = {
			isa = PBXSourcesBuildPhase;
			buildActionMask = 2147483647;
			files = (
				6E2691171C1C3B59000ABA16 /* sj__UITests.m in Sources */,
			);
			runOnlyForDeploymentPostprocessing = 0;
		};
/* End PBXSourcesBuildPhase section */

/* Begin PBXTargetDependency section */
		6E2691091C1C3B59000ABA16 /* PBXTargetDependency */ = {
			isa = PBXTargetDependency;
			target = 6E2690ED1C1C3B59000ABA16 /* sj公交 */;
			targetProxy = 6E2691081C1C3B59000ABA16 /* PBXContainerItemProxy */;
		};
		6E2691141C1C3B59000ABA16 /* PBXTargetDependency */ = {
			isa = PBXTargetDependency;
			target = 6E2690ED1C1C3B59000ABA16 /* sj公交 */;
			targetProxy = 6E2691131C1C3B59000ABA16 /* PBXContainerItemProxy */;
		};
/* End PBXTargetDependency section */

/* Begin PBXVariantGroup section */
		6E2690FA1C1C3B59000ABA16 /* Main.storyboard */ = {
			isa = PBXVariantGroup;
			children = (
				6E2690FB1C1C3B59000ABA16 /* Base */,
			);
			name = Main.storyboard;
			sourceTree = "<group>";
		};
		6E2690FF1C1C3B59000ABA16 /* LaunchScreen.storyboard */ = {
			isa = PBXVariantGroup;
			children = (
				6E2691001C1C3B59000ABA16 /* Base */,
			);
			name = LaunchScreen.storyboard;
			sourceTree = "<group>";
		};
/* End PBXVariantGroup section */

/* Begin XCBuildConfiguration section */
		6E2691191C1C3B59000ABA16 /* Debug */ = {
			isa = XCBuildConfiguration;
			buildSettings = {
				ALWAYS_SEARCH_USER_PATHS = NO;
				CLANG_CXX_LANGUAGE_STANDARD = "gnu++0x";
				CLANG_CXX_LIBRARY = "libc++";
				CLANG_ENABLE_MODULES = YES;
				CLANG_ENABLE_OBJC_ARC = YES;
				CLANG_WARN_BOOL_CONVERSION = YES;
				CLANG_WARN_CONSTANT_CONVERSION = YES;
				CLANG_WARN_DIRECT_OBJC_ISA_USAGE = YES_ERROR;
				CLANG_WARN_EMPTY_BODY = YES;
				CLANG_WARN_ENUM_CONVERSION = YES;
				CLANG_WARN_INT_CONVERSION = YES;
				CLANG_WARN_OBJC_ROOT_CLASS = YES_ERROR;
				CLANG_WARN_UNREACHABLE_CODE = YES;
				CLANG_WARN__DUPLICATE_METHOD_MATCH = YES;
				"CODE_SIGN_IDENTITY[sdk=iphoneos*]" = "iPhone Developer";
				COPY_PHASE_STRIP = NO;
				DEBUG_INFORMATION_FORMAT = dwarf;
				ENABLE_STRICT_OBJC_MSGSEND = YES;
				ENABLE_TESTABILITY = YES;
				GCC_C_LANGUAGE_STANDARD = gnu99;
				GCC_DYNAMIC_NO_PIC = NO;
				GCC_NO_COMMON_BLOCKS = YES;
				GCC_OPTIMIZATION_LEVEL = 0;
				GCC_PREPROCESSOR_DEFINITIONS = (
					"DEBUG=1",
					"$(inherited)",
				);
				GCC_WARN_64_TO_32_BIT_CONVERSION = YES;
				GCC_WARN_ABOUT_RETURN_TYPE = YES_ERROR;
				GCC_WARN_UNDECLARED_SELECTOR = YES;
				GCC_WARN_UNINITIALIZED_AUTOS = YES_AGGRESSIVE;
				GCC_WARN_UNUSED_FUNCTION = YES;
				GCC_WARN_UNUSED_VARIABLE = YES;
				IPHONEOS_DEPLOYMENT_TARGET = 9.1;
				MTL_ENABLE_DEBUG_INFO = YES;
				ONLY_ACTIVE_ARCH = YES;
				SDKROOT = iphoneos;
			};
			name = Debug;
		};
		6E26911A1C1C3B59000ABA16 /* Release */ = {
			isa = XCBuildConfiguration;
			buildSettings = {
				ALWAYS_SEARCH_USER_PATHS = NO;
				CLANG_CXX_LANGUAGE_STANDARD = "gnu++0x";
				CLANG_CXX_LIBRARY = "libc++";
				CLANG_ENABLE_MODULES = YES;
				CLANG_ENABLE_OBJC_ARC = YES;
				CLANG_WARN_BOOL_CONVERSION = YES;
				CLANG_WARN_CONSTANT_CONVERSION = YES;
				CLANG_WARN_DIRECT_OBJC_ISA_USAGE = YES_ERROR;
				CLANG_WARN_EMPTY_BODY = YES;
				CLANG_WARN_ENUM_CONVERSION = YES;
				CLANG_WARN_INT_CONVERSION = YES;
				CLANG_WARN_OBJC_ROOT_CLASS = YES_ERROR;
				CLANG_WARN_UNREACHABLE_CODE = YES;
				CLANG_WARN__DUPLICATE_METHOD_MATCH = YES;
				"CODE_SIGN_IDENTITY[sdk=iphoneos*]" = "iPhone Developer";
				COPY_PHASE_STRIP = NO;
				DEBUG_INFORMATION_FORMAT = "dwarf-with-dsym";
				ENABLE_NS_ASSERTIONS = NO;
				ENABLE_STRICT_OBJC_MSGSEND = YES;
				GCC_C_LANGUAGE_STANDARD = gnu99;
				GCC_NO_COMMON_BLOCKS = YES;
				GCC_WARN_64_TO_32_BIT_CONVERSION = YES;
				GCC_WARN_ABOUT_RETURN_TYPE = YES_ERROR;
				GCC_WARN_UNDECLARED_SELECTOR = YES;
				GCC_WARN_UNINITIALIZED_AUTOS = YES_AGGRESSIVE;
				GCC_WARN_UNUSED_FUNCTION = YES;
				GCC_WARN_UNUSED_VARIABLE = YES;
				IPHONEOS_DEPLOYMENT_TARGET = 9.1;
				MTL_ENABLE_DEBUG_INFO = NO;
				SDKROOT = iphoneos;
				VALIDATE_PRODUCT = YES;
			};
			name = Release;
		};
		6E26911C1C1C3B59000ABA16 /* Debug */ = {
			isa = XCBuildConfiguration;
			buildSettings = {
				ASSETCATALOG_COMPILER_APPICON_NAME = AppIcon;
				INFOPLIST_FILE = "sj公交/Info.plist";
				LD_RUNPATH_SEARCH_PATHS = "$(inherited) @executable_path/Frameworks";
				PRODUCT_BUNDLE_IDENTIFIER = "com.ccl.sj--";
				PRODUCT_NAME = "$(TARGET_NAME)";
			};
			name = Debug;
		};
		6E26911D1C1C3B59000ABA16 /* Release */ = {
			isa = XCBuildConfiguration;
			buildSettings = {
				ASSETCATALOG_COMPILER_APPICON_NAME = AppIcon;
				INFOPLIST_FILE = "sj公交/Info.plist";
				LD_RUNPATH_SEARCH_PATHS = "$(inherited) @executable_path/Frameworks";
				PRODUCT_BUNDLE_IDENTIFIER = "com.ccl.sj--";
				PRODUCT_NAME = "$(TARGET_NAME)";
			};
			name = Release;
		};
		6E26911F1C1C3B59000ABA16 /* Debug */ = {
			isa = XCBuildConfiguration;
			buildSettings = {
				BUNDLE_LOADER = "$(TEST_HOST)";
				INFOPLIST_FILE = "sj公交Tests/Info.plist";
				LD_RUNPATH_SEARCH_PATHS = "$(inherited) @executable_path/Frameworks @loader_path/Frameworks";
				PRODUCT_BUNDLE_IDENTIFIER = "com.ccl.sj--Tests";
				PRODUCT_NAME = "$(TARGET_NAME)";
				TEST_HOST = "$(BUILT_PRODUCTS_DIR)/sj公交.app/sj公交";
			};
			name = Debug;
		};
		6E2691201C1C3B59000ABA16 /* Release */ = {
			isa = XCBuildConfiguration;
			buildSettings = {
				BUNDLE_LOADER = "$(TEST_HOST)";
				INFOPLIST_FILE = "sj公交Tests/Info.plist";
				LD_RUNPATH_SEARCH_PATHS = "$(inherited) @executable_path/Frameworks @loader_path/Frameworks";
				PRODUCT_BUNDLE_IDENTIFIER = "com.ccl.sj--Tests";
				PRODUCT_NAME = "$(TARGET_NAME)";
				TEST_HOST = "$(BUILT_PRODUCTS_DIR)/sj公交.app/sj公交";
			};
			name = Release;
		};
		6E2691221C1C3B59000ABA16 /* Debug */ = {
			isa = XCBuildConfiguration;
			buildSettings = {
				INFOPLIST_FILE = "sj公交UITests/Info.plist";
				LD_RUNPATH_SEARCH_PATHS = "$(inherited) @executable_path/Frameworks @loader_path/Frameworks";
				PRODUCT_BUNDLE_IDENTIFIER = "com.ccl.sj--UITests";
				PRODUCT_NAME = "$(TARGET_NAME)";
				TEST_TARGET_NAME = "sj公交";
				USES_XCTRUNNER = YES;
			};
			name = Debug;
		};
		6E2691231C1C3B59000ABA16 /* Release */ = {
			isa = XCBuildConfiguration;
			buildSettings = {
				INFOPLIST_FILE = "sj公交UITests/Info.plist";
				LD_RUNPATH_SEARCH_PATHS = "$(inherited) @executable_path/Frameworks @loader_path/Frameworks";
				PRODUCT_BUNDLE_IDENTIFIER = "com.ccl.sj--UITests";
				PRODUCT_NAME = "$(TARGET_NAME)";
				TEST_TARGET_NAME = "sj公交";
				USES_XCTRUNNER = YES;
			};
			name = Release;
		};
/* End XCBuildConfiguration section */

/* Begin XCConfigurationList section */
		6E2690E91C1C3B59000ABA16 /* Build configuration list for PBXProject "sj公交" */ = {
			isa = XCConfigurationList;
			buildConfigurations = (
				6E2691191C1C3B59000ABA16 /* Debug */,
				6E26911A1C1C3B59000ABA16 /* Release */,
			);
			defaultConfigurationIsVisible = 0;
			defaultConfigurationName = Release;
		};
		6E26911B1C1C3B59000ABA16 /* Build configuration list for PBXNativeTarget "sj公交" */ = {
			isa = XCConfigurationList;
			buildConfigurations = (
				6E26911C1C1C3B59000ABA16 /* Debug */,
				6E26911D1C1C3B59000ABA16 /* Release */,
			);
			defaultConfigurationIsVisible = 0;
		};
		6E26911E1C1C3B59000ABA16 /* Build configuration list for PBXNativeTarget "sj公交Tests" */ = {
			isa = XCConfigurationList;
			buildConfigurations = (
				6E26911F1C1C3B59000ABA16 /* Debug */,
				6E2691201C1C3B59000ABA16 /* Release */,
			);
			defaultConfigurationIsVisible = 0;
		};
		6E2691211C1C3B59000ABA16 /* Build configuration list for PBXNativeTarget "sj公交UITests" */ = {
			isa = XCConfigurationList;
			buildConfigurations = (
				6E2691221C1C3B59000ABA16 /* Debug */,
				6E2691231C1C3B59000ABA16 /* Release */,
			);
			defaultConfigurationIsVisible = 0;
		};
/* End XCConfigurationList section */
	};
	rootObject = 6E2690E61C1C3B59000ABA16 /* Project object */;
}
